// !$*UTF8*$!
{
	archiveVersion = 1;
	classes = {
	};
	objectVersion = 46;
	objects = {

/* Begin PBXBuildFile section */
		4017EAE716E77BA80004BCD1 /* RWPluginUtilities.framework in Frameworks */ = {isa = PBXBuildFile; fileRef = 4017EAE516E77B650004BCD1 /* RWPluginUtilities.framework */; };
		8D5B49B0048680CD000E48DA /* InfoPlist.strings in Resources */ = {isa = PBXBuildFile; fileRef = 089C167DFE841241C02AAC07 /* InfoPlist.strings */; };
		8D5B49B4048680CD000E48DA /* Cocoa.framework in Frameworks */ = {isa = PBXBuildFile; fileRef = 1058C7ADFEA557BF11CA2CBB /* Cocoa.framework */; };
		8F0BA5B70C392262003BADFC /* html_php_framents in Resources */ = {isa = PBXBuildFile; fileRef = 8F0BA5970C392262003BADFC /* html_php_framents */; };
		8F29AAD80DF00CAA00E90652 /* PluginDescription in Resources */ = {isa = PBXBuildFile; fileRef = 8F29AAD00DF00CAA00E90652 /* PluginDescription */; };
		8F29AAE50DF01F9800E90652 /* WebYep_Large.icns in Resources */ = {isa = PBXBuildFile; fileRef = 8F29AAE30DF01F9800E90652 /* WebYep_Large.icns */; };
		8F2EDBEC0AD56175000F65F1 /* logon-button.gif in Resources */ = {isa = PBXBuildFile; fileRef = 8F2EDBEB0AD56175000F65F1 /* logon-button.gif */; };
		8F44F94312C39B4F0056C796 /* Help in Resources */ = {isa = PBXBuildFile; fileRef = 8F44F93C12C39B4F0056C796 /* Help */; };
		8F44FB7312C3A8250056C796 /* WebKit.framework in Frameworks */ = {isa = PBXBuildFile; fileRef = 8F44F94B12C39CC50056C796 /* WebKit.framework */; };
		8F731CC30AC2B2DE00886E07 /* WebYepPlugin.m in Sources */ = {isa = PBXBuildFile; fileRef = 8F731CC20AC2B2DE00886E07 /* WebYepPlugin.m */; };
		8F731CEA0AC2B5C200886E07 /* Localizable.strings in Resources */ = {isa = PBXBuildFile; fileRef = 8F731CE80AC2B5C200886E07 /* Localizable.strings */; };
		8F731CEC0AC2B6AE00886E07 /* plugin_icon.png in Resources */ = {isa = PBXBuildFile; fileRef = 8F731CEB0AC2B6AE00886E07 /* plugin_icon.png */; };
		8F731CFA0AC2B71800886E07 /* WebYep.nib in Resources */ = {isa = PBXBuildFile; fileRef = 8F731CF80AC2B71800886E07 /* WebYep.nib */; };
		8F82F22B0E55BFC600E81846 /* default.css in Resources */ = {isa = PBXBuildFile; fileRef = 8F82F2290E55BFC600E81846 /* default.css */; };
		8F9DEF1D0AFA2D23007B12CE /* WYNSAlertAdditions.m in Sources */ = {isa = PBXBuildFile; fileRef = 8F9DEF1C0AFA2D22007B12CE /* WYNSAlertAdditions.m */; };
		8F9DF9430AFB991D007B12CE /* WYLocalization.m in Sources */ = {isa = PBXBuildFile; fileRef = 8F9DF9400AFB991D007B12CE /* WYLocalization.m */; };
		8F9DF9440AFB991D007B12CE /* WYLocalizedBundle.m in Sources */ = {isa = PBXBuildFile; fileRef = 8F9DF9420AFB991D007B12CE /* WYLocalizedBundle.m */; };
		8F9DF9960AFB9F16007B12CE /* WebYep.strings in Resources */ = {isa = PBXBuildFile; fileRef = 8F9DF9940AFB9F16007B12CE /* WebYep.strings */; };
		8FBBEDB90F8365B60016C87F /* WYNSStringAdditions.m in Sources */ = {isa = PBXBuildFile; fileRef = 8FBBEDB80F8365B60016C87F /* WYNSStringAdditions.m */; };
		8FBCD7080E54B9D800A231AC /* WYNSBundleAdditions.m in Sources */ = {isa = PBXBuildFile; fileRef = 8FBCD7070E54B9D800A231AC /* WYNSBundleAdditions.m */; };
		8FD73B360ACAE036000497A1 /* WYConstrainedContentView.m in Sources */ = {isa = PBXBuildFile; fileRef = 8FD73B350ACAE036000497A1 /* WYConstrainedContentView.m */; };
		8FD9F1670AC7D71300F185B5 /* od_foundation.m in Sources */ = {isa = PBXBuildFile; fileRef = 8FD9F1660AC7D71300F185B5 /* od_foundation.m */; };
		8FDA7D200AC8415E00921D0F /* example_1.jpg in Resources */ = {isa = PBXBuildFile; fileRef = 8FDA7D1D0AC8415E00921D0F /* example_1.jpg */; };
		8FDA7D210AC8415E00921D0F /* example_2.jpg in Resources */ = {isa = PBXBuildFile; fileRef = 8FDA7D1E0AC8415E00921D0F /* example_2.jpg */; };
		8FDA7D220AC8415E00921D0F /* example_3.jpg in Resources */ = {isa = PBXBuildFile; fileRef = 8FDA7D1F0AC8415E00921D0F /* example_3.jpg */; };
		8FDFAA7E0AD59A660017F139 /* webyep-logo.png in Resources */ = {isa = PBXBuildFile; fileRef = 8FDFAA7D0AD59A660017F139 /* webyep-logo.png */; };
		8FDFAAF70AD5A4C60017F139 /* nix.gif in Resources */ = {isa = PBXBuildFile; fileRef = 8FDFAAF60AD5A4C60017F139 /* nix.gif */; };
/* End PBXBuildFile section */

/* Begin PBXCopyFilesBuildPhase section */
		8F0BA5E70C3923EA003BADFC /* CopyFiles */ = {
			isa = PBXCopyFilesBuildPhase;
			buildActionMask = 2147483647;
			dstPath = "";
			dstSubfolderSpec = 7;
			files = (
			);
			runOnlyForDeploymentPostprocessing = 0;
		};
/* End PBXCopyFilesBuildPhase section */

/* Begin PBXFileReference section */
		089C1672FE841209C02AAC07 /* Foundation.framework */ = {isa = PBXFileReference; lastKnownFileType = wrapper.framework; name = Foundation.framework; path = /System/Library/Frameworks/Foundation.framework; sourceTree = "<absolute>"; };
		089C167EFE841241C02AAC07 /* English */ = {isa = PBXFileReference; fileEncoding = 10; lastKnownFileType = text.plist.strings; name = English; path = English.lproj/InfoPlist.strings; sourceTree = "<group>"; };
		089C167FFE841241C02AAC07 /* AppKit.framework */ = {isa = PBXFileReference; lastKnownFileType = wrapper.framework; name = AppKit.framework; path = /System/Library/Frameworks/AppKit.framework; sourceTree = "<absolute>"; };
		1058C7ADFEA557BF11CA2CBB /* Cocoa.framework */ = {isa = PBXFileReference; lastKnownFileType = wrapper.framework; name = Cocoa.framework; path = /System/Library/Frameworks/Cocoa.framework; sourceTree = "<absolute>"; };
		32DBCF630370AF2F00C91783 /* WebYep_Prefix.pch */ = {isa = PBXFileReference; fileEncoding = 4; lastKnownFileType = sourcecode.c.h; path = WebYep_Prefix.pch; sourceTree = "<group>"; };
		4017EAE516E77B650004BCD1 /* RWPluginUtilities.framework */ = {isa = PBXFileReference; lastKnownFileType = wrapper.framework; name = RWPluginUtilities.framework; path = "../external-dependencies/RWPluginUtilities.framework"; sourceTree = SOURCE_ROOT; };
		8D5B49B6048680CD000E48DA /* WebYep.rwplugin */ = {isa = PBXFileReference; explicitFileType = wrapper.cfbundle; includeInIndex = 0; path = WebYep.rwplugin; sourceTree = BUILT_PRODUCTS_DIR; };
		8D5B49B7048680CD000E48DA /* Info.plist */ = {isa = PBXFileReference; fileEncoding = 4; lastKnownFileType = text.plist.xml; path = Info.plist; sourceTree = "<group>"; };
		8F0BA5980C392262003BADFC /* English */ = {isa = PBXFileReference; lastKnownFileType = folder; name = English; path = English.lproj/html_php_framents; sourceTree = "<group>"; };
		8F0BA5B80C392272003BADFC /* German */ = {isa = PBXFileReference; lastKnownFileType = folder; name = German; path = German.lproj/html_php_framents; sourceTree = "<group>"; };
		8F29AAD10DF00CAA00E90652 /* English */ = {isa = PBXFileReference; lastKnownFileType = folder; name = English; path = English.lproj/PluginDescription; sourceTree = "<group>"; };
		8F29AAD90DF00CB800E90652 /* German */ = {isa = PBXFileReference; lastKnownFileType = folder; name = German; path = German.lproj/PluginDescription; sourceTree = "<group>"; };
		8F29AAE40DF01F9800E90652 /* English */ = {isa = PBXFileReference; lastKnownFileType = image.icns; name = English; path = English.lproj/WebYep_Large.icns; sourceTree = "<group>"; };
		8F29AAE60DF01FB300E90652 /* German */ = {isa = PBXFileReference; lastKnownFileType = image.icns; name = German; path = German.lproj/WebYep_Large.icns; sourceTree = "<group>"; };
		8F2EDBEB0AD56175000F65F1 /* logon-button.gif */ = {isa = PBXFileReference; lastKnownFileType = image.gif; path = "logon-button.gif"; sourceTree = "<group>"; };
		8F44F8BD12C38D1B0056C796 /* od_revision.xcconfig */ = {isa = PBXFileReference; fileEncoding = 4; lastKnownFileType = text.xcconfig; path = od_revision.xcconfig; sourceTree = "<group>"; };
		8F44F93D12C39B4F0056C796 /* English */ = {isa = PBXFileReference; lastKnownFileType = folder; name = English; path = English.lproj/Help; sourceTree = "<group>"; };
		8F44F94412C39B5C0056C796 /* German */ = {isa = PBXFileReference; lastKnownFileType = folder; name = German; path = German.lproj/Help; sourceTree = "<group>"; };
		8F44F94B12C39CC50056C796 /* WebKit.framework */ = {isa = PBXFileReference; lastKnownFileType = wrapper.framework; name = WebKit.framework; path = System/Library/Frameworks/WebKit.framework; sourceTree = SDKROOT; };
		8F5FF4800D17DF4100763DA4 /* English */ = {isa = PBXFileReference; lastKnownFileType = text.plist.strings; name = English; path = English.lproj/WebYep.strings; sourceTree = "<group>"; };
		8F731CC10AC2B2DE00886E07 /* WebYepPlugin.h */ = {isa = PBXFileReference; fileEncoding = 4; lastKnownFileType = sourcecode.c.h; path = WebYepPlugin.h; sourceTree = "<group>"; };
		8F731CC20AC2B2DE00886E07 /* WebYepPlugin.m */ = {isa = PBXFileReference; fileEncoding = 4; lastKnownFileType = sourcecode.c.objc; path = WebYepPlugin.m; sourceTree = "<group>"; wrapsLines = 1; };
		8F731CE90AC2B5C200886E07 /* English */ = {isa = PBXFileReference; fileEncoding = 4; lastKnownFileType = text.plist.strings; name = English; path = English.lproj/Localizable.strings; sourceTree = "<group>"; };
		8F731CEB0AC2B6AE00886E07 /* plugin_icon.png */ = {isa = PBXFileReference; lastKnownFileType = image.png; path = plugin_icon.png; sourceTree = SOURCE_ROOT; };
		8F731CF90AC2B71800886E07 /* English */ = {isa = PBXFileReference; lastKnownFileType = wrapper.nib; name = English; path = English.lproj/WebYep.nib; sourceTree = "<group>"; };
		8F82F22A0E55BFC600E81846 /* English */ = {isa = PBXFileReference; fileEncoding = 4; lastKnownFileType = text.css; name = English; path = English.lproj/default.css; sourceTree = "<group>"; usesTabs = 1; };
		8F82F22C0E55BFD300E81846 /* German */ = {isa = PBXFileReference; lastKnownFileType = text.css; name = German; path = German.lproj/default.css; sourceTree = "<group>"; };
		8F9DEF1B0AFA2D22007B12CE /* WYNSAlertAdditions.h */ = {isa = PBXFileReference; fileEncoding = 5; lastKnownFileType = sourcecode.c.h; path = WYNSAlertAdditions.h; sourceTree = "<group>"; };
		8F9DEF1C0AFA2D22007B12CE /* WYNSAlertAdditions.m */ = {isa = PBXFileReference; fileEncoding = 5; lastKnownFileType = sourcecode.c.objc; path = WYNSAlertAdditions.m; sourceTree = "<group>"; };
		8F9DF93F0AFB991D007B12CE /* WYLocalization.h */ = {isa = PBXFileReference; fileEncoding = 5; lastKnownFileType = sourcecode.c.h; path = WYLocalization.h; sourceTree = "<group>"; };
		8F9DF9400AFB991D007B12CE /* WYLocalization.m */ = {isa = PBXFileReference; fileEncoding = 5; lastKnownFileType = sourcecode.c.objc; path = WYLocalization.m; sourceTree = "<group>"; };
		8F9DF9410AFB991D007B12CE /* WYLocalizedBundle.h */ = {isa = PBXFileReference; fileEncoding = 5; lastKnownFileType = sourcecode.c.h; path = WYLocalizedBundle.h; sourceTree = "<group>"; };
		8F9DF9420AFB991D007B12CE /* WYLocalizedBundle.m */ = {isa = PBXFileReference; fileEncoding = 5; lastKnownFileType = sourcecode.c.objc; path = WYLocalizedBundle.m; sourceTree = "<group>"; };
		8F9DF9690AFB9AA0007B12CE /* German */ = {isa = PBXFileReference; fileEncoding = 4; lastKnownFileType = text.plist.strings; name = German; path = German.lproj/Localizable.strings; sourceTree = "<group>"; };
		8F9DF9950AFB9F16007B12CE /* German */ = {isa = PBXFileReference; fileEncoding = 4; lastKnownFileType = text.plist.strings; name = German; path = German.lproj/WebYep.strings; sourceTree = "<group>"; };
		8FBBEDB70F8365B60016C87F /* WYNSStringAdditions.h */ = {isa = PBXFileReference; fileEncoding = 4; lastKnownFileType = sourcecode.c.h; path = WYNSStringAdditions.h; sourceTree = "<group>"; };
		8FBBEDB80F8365B60016C87F /* WYNSStringAdditions.m */ = {isa = PBXFileReference; fileEncoding = 4; lastKnownFileType = sourcecode.c.objc; path = WYNSStringAdditions.m; sourceTree = "<group>"; };
		8FBCD7060E54B9D800A231AC /* WYNSBundleAdditions.h */ = {isa = PBXFileReference; fileEncoding = 4; lastKnownFileType = sourcecode.c.h; path = WYNSBundleAdditions.h; sourceTree = "<group>"; };
		8FBCD7070E54B9D800A231AC /* WYNSBundleAdditions.m */ = {isa = PBXFileReference; fileEncoding = 4; lastKnownFileType = sourcecode.c.objc; path = WYNSBundleAdditions.m; sourceTree = "<group>"; };
		8FD73B340ACAE036000497A1 /* WYConstrainedContentView.h */ = {isa = PBXFileReference; fileEncoding = 4; lastKnownFileType = sourcecode.c.h; path = WYConstrainedContentView.h; sourceTree = "<group>"; };
		8FD73B350ACAE036000497A1 /* WYConstrainedContentView.m */ = {isa = PBXFileReference; fileEncoding = 4; lastKnownFileType = sourcecode.c.objc; path = WYConstrainedContentView.m; sourceTree = "<group>"; };
		8FD9F1650AC7D71300F185B5 /* od_foundation.h */ = {isa = PBXFileReference; fileEncoding = 5; lastKnownFileType = sourcecode.c.h; path = od_foundation.h; sourceTree = SOURCE_ROOT; };
		8FD9F1660AC7D71300F185B5 /* od_foundation.m */ = {isa = PBXFileReference; fileEncoding = 5; lastKnownFileType = sourcecode.c.objc; path = od_foundation.m; sourceTree = SOURCE_ROOT; };
		8FDA7D1D0AC8415E00921D0F /* example_1.jpg */ = {isa = PBXFileReference; lastKnownFileType = image.jpeg; path = example_1.jpg; sourceTree = SOURCE_ROOT; };
		8FDA7D1E0AC8415E00921D0F /* example_2.jpg */ = {isa = PBXFileReference; lastKnownFileType = image.jpeg; path = example_2.jpg; sourceTree = SOURCE_ROOT; };
		8FDA7D1F0AC8415E00921D0F /* example_3.jpg */ = {isa = PBXFileReference; lastKnownFileType = image.jpeg; path = example_3.jpg; sourceTree = SOURCE_ROOT; };
		8FDFAA7D0AD59A660017F139 /* webyep-logo.png */ = {isa = PBXFileReference; lastKnownFileType = image.png; path = "webyep-logo.png"; sourceTree = "<group>"; };
		8FDFAAF60AD5A4C60017F139 /* nix.gif */ = {isa = PBXFileReference; lastKnownFileType = image.gif; path = nix.gif; sourceTree = "<group>"; };
		D2F7E65807B2D6F200F64583 /* CoreData.framework */ = {isa = PBXFileReference; lastKnownFileType = wrapper.framework; name = CoreData.framework; path = /System/Library/Frameworks/CoreData.framework; sourceTree = "<absolute>"; };
/* End PBXFileReference section */

/* Begin PBXFrameworksBuildPhase section */
		8D5B49B3048680CD000E48DA /* Frameworks */ = {
			isa = PBXFrameworksBuildPhase;
			buildActionMask = 2147483647;
			files = (
				4017EAE716E77BA80004BCD1 /* RWPluginUtilities.framework in Frameworks */,
				8D5B49B4048680CD000E48DA /* Cocoa.framework in Frameworks */,
				8F44FB7312C3A8250056C796 /* WebKit.framework in Frameworks */,
			);
			runOnlyForDeploymentPostprocessing = 0;
		};
/* End PBXFrameworksBuildPhase section */

/* Begin PBXGroup section */
		089C166AFE841209C02AAC07 /* WebYep */ = {
			isa = PBXGroup;
			children = (
				8F9DF93E0AFB9904007B12CE /* ODLocalization */,
				08FB77AFFE84173DC02AAC07 /* Classes */,
				32C88E010371C26100C91783 /* Other Sources */,
				089C167CFE841241C02AAC07 /* Resources */,
				089C1671FE841209C02AAC07 /* Frameworks and Libraries */,
				19C28FB8FE9D52D311CA2CBB /* Products */,
				8F44F8BC12C38D040056C796 /* Scripts */,
			);
			name = WebYep;
			sourceTree = "<group>";
		};
		089C1671FE841209C02AAC07 /* Frameworks and Libraries */ = {
			isa = PBXGroup;
			children = (
				1058C7ACFEA557BF11CA2CBB /* Linked Frameworks */,
				1058C7AEFEA557BF11CA2CBB /* Other Frameworks */,
			);
			name = "Frameworks and Libraries";
			sourceTree = "<group>";
		};
		089C167CFE841241C02AAC07 /* Resources */ = {
			isa = PBXGroup;
			children = (
				8F44F93C12C39B4F0056C796 /* Help */,
				8F82F2290E55BFC600E81846 /* default.css */,
				8F29AAE30DF01F9800E90652 /* WebYep_Large.icns */,
				8F29AAD00DF00CAA00E90652 /* PluginDescription */,
				8F0BA5970C392262003BADFC /* html_php_framents */,
				8FDFAAF60AD5A4C60017F139 /* nix.gif */,
				8FDFAA7D0AD59A660017F139 /* webyep-logo.png */,
				8F2EDBEB0AD56175000F65F1 /* logon-button.gif */,
				8FDA7D1D0AC8415E00921D0F /* example_1.jpg */,
				8FDA7D1E0AC8415E00921D0F /* example_2.jpg */,
				8FDA7D1F0AC8415E00921D0F /* example_3.jpg */,
				8F731CF80AC2B71800886E07 /* WebYep.nib */,
				8F731CEB0AC2B6AE00886E07 /* plugin_icon.png */,
				8F731CE80AC2B5C200886E07 /* Localizable.strings */,
				8F9DF9940AFB9F16007B12CE /* WebYep.strings */,
				8D5B49B7048680CD000E48DA /* Info.plist */,
				089C167DFE841241C02AAC07 /* InfoPlist.strings */,
			);
			indentWidth = 4;
			name = Resources;
			sourceTree = "<group>";
			tabWidth = 4;
		};
		08FB77AFFE84173DC02AAC07 /* Classes */ = {
			isa = PBXGroup;
			children = (
				8F731CC10AC2B2DE00886E07 /* WebYepPlugin.h */,
				8F731CC20AC2B2DE00886E07 /* WebYepPlugin.m */,
			);
			indentWidth = 4;
			name = Classes;
			sourceTree = "<group>";
			tabWidth = 4;
			usesTabs = 1;
		};
		1058C7ACFEA557BF11CA2CBB /* Linked Frameworks */ = {
			isa = PBXGroup;
			children = (
				1058C7ADFEA557BF11CA2CBB /* Cocoa.framework */,
				8F44F94B12C39CC50056C796 /* WebKit.framework */,
				4017EAE516E77B650004BCD1 /* RWPluginUtilities.framework */,
			);
			name = "Linked Frameworks";
			sourceTree = "<group>";
		};
		1058C7AEFEA557BF11CA2CBB /* Other Frameworks */ = {
			isa = PBXGroup;
			children = (
				089C167FFE841241C02AAC07 /* AppKit.framework */,
				D2F7E65807B2D6F200F64583 /* CoreData.framework */,
				089C1672FE841209C02AAC07 /* Foundation.framework */,
			);
			name = "Other Frameworks";
			sourceTree = "<group>";
		};
		19C28FB8FE9D52D311CA2CBB /* Products */ = {
			isa = PBXGroup;
			children = (
				8D5B49B6048680CD000E48DA /* WebYep.rwplugin */,
			);
			name = Products;
			sourceTree = "<group>";
		};
		32C88E010371C26100C91783 /* Other Sources */ = {
			isa = PBXGroup;
			children = (
				32DBCF630370AF2F00C91783 /* WebYep_Prefix.pch */,
				8FD9F1650AC7D71300F185B5 /* od_foundation.h */,
				8FD9F1660AC7D71300F185B5 /* od_foundation.m */,
				8FD73B340ACAE036000497A1 /* WYConstrainedContentView.h */,
				8FD73B350ACAE036000497A1 /* WYConstrainedContentView.m */,
				8FBCD7060E54B9D800A231AC /* WYNSBundleAdditions.h */,
				8FBCD7070E54B9D800A231AC /* WYNSBundleAdditions.m */,
				8F9DEF1B0AFA2D22007B12CE /* WYNSAlertAdditions.h */,
				8F9DEF1C0AFA2D22007B12CE /* WYNSAlertAdditions.m */,
				8FBBEDB70F8365B60016C87F /* WYNSStringAdditions.h */,
				8FBBEDB80F8365B60016C87F /* WYNSStringAdditions.m */,
			);
			indentWidth = 4;
			name = "Other Sources";
			sourceTree = "<group>";
			tabWidth = 4;
			usesTabs = 1;
		};
		8F44F8BC12C38D040056C796 /* Scripts */ = {
			isa = PBXGroup;
			children = (
				8F44F8BD12C38D1B0056C796 /* od_revision.xcconfig */,
			);
			name = Scripts;
			sourceTree = "<group>";
		};
		8F9DF93E0AFB9904007B12CE /* ODLocalization */ = {
			isa = PBXGroup;
			children = (
				8F9DF93F0AFB991D007B12CE /* WYLocalization.h */,
				8F9DF9400AFB991D007B12CE /* WYLocalization.m */,
				8F9DF9410AFB991D007B12CE /* WYLocalizedBundle.h */,
				8F9DF9420AFB991D007B12CE /* WYLocalizedBundle.m */,
			);
			indentWidth = 4;
			name = ODLocalization;
			sourceTree = "<group>";
			tabWidth = 4;
			usesTabs = 1;
		};
/* End PBXGroup section */

/* Begin PBXNativeTarget section */
		8D5B49AC048680CD000E48DA /* WebYep */ = {
			isa = PBXNativeTarget;
			buildConfigurationList = 1DEB913A08733D840010E9CD /* Build configuration list for PBXNativeTarget "WebYep" */;
			buildPhases = (
				8D5B49AF048680CD000E48DA /* Resources */,
				8D5B49B1048680CD000E48DA /* Sources */,
				8D5B49B3048680CD000E48DA /* Frameworks */,
				8F0BA5E70C3923EA003BADFC /* CopyFiles */,
			);
			buildRules = (
			);
			dependencies = (
			);
			name = WebYep;
			productInstallPath = "$(HOME)/Library/Bundles";
			productName = WebYep;
			productReference = 8D5B49B6048680CD000E48DA /* WebYep.rwplugin */;
			productType = "com.apple.product-type.bundle";
		};
/* End PBXNativeTarget section */

/* Begin PBXProject section */
		089C1669FE841209C02AAC07 /* Project object */ = {
			isa = PBXProject;
			attributes = {
				LastUpgradeCheck = 0460;
			};
			buildConfigurationList = 1DEB913E08733D840010E9CD /* Build configuration list for PBXProject "WebYep-RWX" */;
			compatibilityVersion = "Xcode 3.2";
			developmentRegion = English;
			hasScannedForEncodings = 1;
			knownRegions = (
				English,
				Japanese,
				French,
				German,
			);
			mainGroup = 089C166AFE841209C02AAC07 /* WebYep */;
			projectDirPath = "";
			projectRoot = "";
			targets = (
				8D5B49AC048680CD000E48DA /* WebYep */,
			);
		};
/* End PBXProject section */

/* Begin PBXResourcesBuildPhase section */
		8D5B49AF048680CD000E48DA /* Resources */ = {
			isa = PBXResourcesBuildPhase;
			buildActionMask = 2147483647;
			files = (
				8D5B49B0048680CD000E48DA /* InfoPlist.strings in Resources */,
				8F731CEA0AC2B5C200886E07 /* Localizable.strings in Resources */,
				8F731CEC0AC2B6AE00886E07 /* plugin_icon.png in Resources */,
				8F731CFA0AC2B71800886E07 /* WebYep.nib in Resources */,
				8FDA7D200AC8415E00921D0F /* example_1.jpg in Resources */,
				8FDA7D210AC8415E00921D0F /* example_2.jpg in Resources */,
				8FDA7D220AC8415E00921D0F /* example_3.jpg in Resources */,
				8F2EDBEC0AD56175000F65F1 /* logon-button.gif in Resources */,
				8FDFAA7E0AD59A660017F139 /* webyep-logo.png in Resources */,
				8FDFAAF70AD5A4C60017F139 /* nix.gif in Resources */,
				8F9DF9960AFB9F16007B12CE /* WebYep.strings in Resources */,
				8F0BA5B70C392262003BADFC /* html_php_framents in Resources */,
				8F29AAD80DF00CAA00E90652 /* PluginDescription in Resources */,
				8F29AAE50DF01F9800E90652 /* WebYep_Large.icns in Resources */,
				8F82F22B0E55BFC600E81846 /* default.css in Resources */,
				8F44F94312C39B4F0056C796 /* Help in Resources */,
			);
			runOnlyForDeploymentPostprocessing = 0;
		};
/* End PBXResourcesBuildPhase section */

/* Begin PBXSourcesBuildPhase section */
		8D5B49B1048680CD000E48DA /* Sources */ = {
			isa = PBXSourcesBuildPhase;
			buildActionMask = 2147483647;
			files = (
				8F731CC30AC2B2DE00886E07 /* WebYepPlugin.m in Sources */,
				8FD9F1670AC7D71300F185B5 /* od_foundation.m in Sources */,
				8FD73B360ACAE036000497A1 /* WYConstrainedContentView.m in Sources */,
				8F9DEF1D0AFA2D23007B12CE /* WYNSAlertAdditions.m in Sources */,
				8F9DF9430AFB991D007B12CE /* WYLocalization.m in Sources */,
				8F9DF9440AFB991D007B12CE /* WYLocalizedBundle.m in Sources */,
				8FBCD7080E54B9D800A231AC /* WYNSBundleAdditions.m in Sources */,
				8FBBEDB90F8365B60016C87F /* WYNSStringAdditions.m in Sources */,
			);
			runOnlyForDeploymentPostprocessing = 0;
		};
/* End PBXSourcesBuildPhase section */

/* Begin PBXVariantGroup section */
		089C167DFE841241C02AAC07 /* InfoPlist.strings */ = {
			isa = PBXVariantGroup;
			children = (
				089C167EFE841241C02AAC07 /* English */,
			);
			name = InfoPlist.strings;
			sourceTree = "<group>";
		};
		8F0BA5970C392262003BADFC /* html_php_framents */ = {
			isa = PBXVariantGroup;
			children = (
				8F0BA5980C392262003BADFC /* English */,
				8F0BA5B80C392272003BADFC /* German */,
			);
			name = html_php_framents;
			sourceTree = "<group>";
		};
		8F29AAD00DF00CAA00E90652 /* PluginDescription */ = {
			isa = PBXVariantGroup;
			children = (
				8F29AAD10DF00CAA00E90652 /* English */,
				8F29AAD90DF00CB800E90652 /* German */,
			);
			name = PluginDescription;
			sourceTree = SOURCE_ROOT;
		};
		8F29AAE30DF01F9800E90652 /* WebYep_Large.icns */ = {
			isa = PBXVariantGroup;
			children = (
				8F29AAE40DF01F9800E90652 /* English */,
				8F29AAE60DF01FB300E90652 /* German */,
			);
			name = WebYep_Large.icns;
			sourceTree = SOURCE_ROOT;
		};
		8F44F93C12C39B4F0056C796 /* Help */ = {
			isa = PBXVariantGroup;
			children = (
				8F44F93D12C39B4F0056C796 /* English */,
				8F44F94412C39B5C0056C796 /* German */,
			);
			name = Help;
			sourceTree = "<group>";
		};
		8F731CE80AC2B5C200886E07 /* Localizable.strings */ = {
			isa = PBXVariantGroup;
			children = (
				8F731CE90AC2B5C200886E07 /* English */,
				8F9DF9690AFB9AA0007B12CE /* German */,
			);
			name = Localizable.strings;
			sourceTree = SOURCE_ROOT;
		};
		8F731CF80AC2B71800886E07 /* WebYep.nib */ = {
			isa = PBXVariantGroup;
			children = (
				8F731CF90AC2B71800886E07 /* English */,
			);
			name = WebYep.nib;
			sourceTree = "<group>";
		};
		8F82F2290E55BFC600E81846 /* default.css */ = {
			isa = PBXVariantGroup;
			children = (
				8F82F22A0E55BFC600E81846 /* English */,
				8F82F22C0E55BFD300E81846 /* German */,
			);
			name = default.css;
			sourceTree = "<group>";
		};
		8F9DF9940AFB9F16007B12CE /* WebYep.strings */ = {
			isa = PBXVariantGroup;
			children = (
				8F9DF9950AFB9F16007B12CE /* German */,
				8F5FF4800D17DF4100763DA4 /* English */,
			);
			name = WebYep.strings;
			sourceTree = "<group>";
		};
/* End PBXVariantGroup section */

/* Begin XCBuildConfiguration section */
		8F5CD48C0B1B8D86008FE4FD /* Release */ = {
			isa = XCBuildConfiguration;
			baseConfigurationReference = 8F44F8BD12C38D1B0056C796 /* od_revision.xcconfig */;
			buildSettings = {
				COMBINE_HIDPI_IMAGES = YES;
				FRAMEWORK_SEARCH_PATHS = (
					"$(inherited)",
					"$(FRAMEWORK_SEARCH_PATHS_QUOTED_1)",
					"\"$(SRCROOT)/../external-dependencies\"",
				);
				FRAMEWORK_SEARCH_PATHS_QUOTED_1 = "\"$(SRCROOT)\"";
				GCC_GENERATE_DEBUGGING_SYMBOLS = NO;
				GCC_MODEL_TUNING = G5;
				GCC_PRECOMPILE_PREFIX_HEADER = YES;
				GCC_PREFIX_HEADER = WebYep_Prefix.pch;
				INFOPLIST_FILE = Info.plist;
				INSTALL_PATH = "$(HOME)/Library/Bundles";
				PRODUCT_NAME = WebYep;
				WRAPPER_EXTENSION = rwplugin;
			};
			name = Release;
		};
		8F5CD48D0B1B8D86008FE4FD /* Release */ = {
			isa = XCBuildConfiguration;
			buildSettings = {
				ARCHS = "$(ARCHS_STANDARD_32_BIT)";
				DEPLOYMENT_POSTPROCESSING = YES;
				GCC_VERSION = "";
				GCC_WARN_ABOUT_RETURN_TYPE = YES;
				GCC_WARN_UNUSED_VARIABLE = YES;
				MACOSX_DEPLOYMENT_TARGET = 10.6;
				SDKROOT = macosx;
				SYMROOT = Builds;
			};
			name = Release;
		};
/* End XCBuildConfiguration section */

/* Begin XCConfigurationList section */
		1DEB913A08733D840010E9CD /* Build configuration list for PBXNativeTarget "WebYep" */ = {
			isa = XCConfigurationList;
			buildConfigurations = (
				8F5CD48C0B1B8D86008FE4FD /* Release */,
			);
			defaultConfigurationIsVisible = 0;
			defaultConfigurationName = Release;
		};
		1DEB913E08733D840010E9CD /* Build configuration list for PBXProject "WebYep-RWX" */ = {
			isa = XCConfigurationList;
			buildConfigurations = (
				8F5CD48D0B1B8D86008FE4FD /* Release */,
			);
			defaultConfigurationIsVisible = 0;
			defaultConfigurationName = Release;
		};
/* End XCConfigurationList section */
	};
	rootObject = 089C1669FE841209C02AAC07 /* Project object */;
}
